
Microsoft Visual Studio Solution File, Format Version 12.00
# Visual Studio Version 16
VisualStudioVersion = 16.0.31515.178
MinimumVisualStudioVersion = 10.0.40219.1
Project("{FAE04EC0-301F-11D3-BF4B-00C04F79EFBC}") = "ProjectoAvionCLASES", "ProjectoAvionCLASES\ProjectoAvionCLASES.csproj", "{401B9D4A-76E0-4831-8E25-A671DEF739AB}"
EndProject
Global
	GlobalSection(SolutionConfigurationPlatforms) = preSolution
		Debug|Any CPU = Debug|Any CPU
		Release|Any CPU = Release|Any CPU
	EndGlobalSection
	GlobalSection(ProjectConfigurationPlatforms) = postSolution
		{401B9D4A-76E0-4831-8E25-A671DEF739AB}.Debug|Any CPU.ActiveCfg = Debug|Any CPU
		{401B9D4A-76E0-4831-8E25-A671DEF739AB}.Debug|Any CPU.Build.0 = Debug|Any CPU
		{401B9D4A-76E0-4831-8E25-A671DEF739AB}.Release|Any CPU.ActiveCfg = Release|Any CPU
		{401B9D4A-76E0-4831-8E25-A671DEF739AB}.Release|Any CPU.Build.0 = Release|Any CPU
	EndGlobalSection
	GlobalSection(SolutionProperties) = preSolution
		HideSolutionNode = FALSE
	EndGlobalSection
	GlobalSection(ExtensibilityGlobals) = postSolution
		SolutionGuid = {C27BD368-5FB0-478E-9DBE-A53B66FCCDD4}
	EndGlobalSection
EndGlobal
